
Microsoft Visual Studio Solution File, Format Version 12.00
# Visual Studio 15
VisualStudioVersion = 15.0.26124.0
MinimumVisualStudioVersion = 15.0.26124.0
Project("{FAE04EC0-301F-11D3-BF4B-00C04F79EFBC}") = "NoiseSocket", "NoiseSocket\NoiseSocket.csproj", "{94745B55-53C3-4485-A520-EA2F48AD7771}"
EndProject
Project("{FAE04EC0-301F-11D3-BF4B-00C04F79EFBC}") = "NoiseSocket.Tests", "NoiseSocket.Tests\NoiseSocket.Tests.csproj", "{AB3984AB-1B69-4518-A277-D4CBABC03F65}"
EndProject
Project("{FAE04EC0-301F-11D3-BF4B-00C04F79EFBC}") = "NoiseSocket.Examples", "NoiseSocket.Examples\NoiseSocket.Examples.csproj", "{972801A7-9144-4CE0-89AB-5D57BB2EDF68}"
EndProject
Global
	GlobalSection(SolutionConfigurationPlatforms) = preSolution
		Debug|Any CPU = Debug|Any CPU
		Debug|x64 = Debug|x64
		Debug|x86 = Debug|x86
		Release|Any CPU = Release|Any CPU
		Release|x64 = Release|x64
		Release|x86 = Release|x86
	EndGlobalSection
	GlobalSection(SolutionProperties) = preSolution
		HideSolutionNode = FALSE
	EndGlobalSection
	GlobalSection(ProjectConfigurationPlatforms) = postSolution
		{94745B55-53C3-4485-A520-EA2F48AD7771}.Debug|Any CPU.ActiveCfg = Debug|Any CPU
		{94745B55-53C3-4485-A520-EA2F48AD7771}.Debug|Any CPU.Build.0 = Debug|Any CPU
		{94745B55-53C3-4485-A520-EA2F48AD7771}.Debug|x64.ActiveCfg = Debug|Any CPU
		{94745B55-53C3-4485-A520-EA2F48AD7771}.Debug|x64.Build.0 = Debug|Any CPU
		{94745B55-53C3-4485-A520-EA2F48AD7771}.Debug|x86.ActiveCfg = Debug|Any CPU
		{94745B55-53C3-4485-A520-EA2F48AD7771}.Debug|x86.Build.0 = Debug|Any CPU
		{94745B55-53C3-4485-A520-EA2F48AD7771}.Release|Any CPU.ActiveCfg = Release|Any CPU
		{94745B55-53C3-4485-A520-EA2F48AD7771}.Release|Any CPU.Build.0 = Release|Any CPU
		{94745B55-53C3-4485-A520-EA2F48AD7771}.Release|x64.ActiveCfg = Release|Any CPU
		{94745B55-53C3-4485-A520-EA2F48AD7771}.Release|x64.Build.0 = Release|Any CPU
		{94745B55-53C3-4485-A520-EA2F48AD7771}.Release|x86.ActiveCfg = Release|Any CPU
		{94745B55-53C3-4485-A520-EA2F48AD7771}.Release|x86.Build.0 = Release|Any CPU
		{AB3984AB-1B69-4518-A277-D4CBABC03F65}.Debug|Any CPU.ActiveCfg = Debug|Any CPU
		{AB3984AB-1B69-4518-A277-D4CBABC03F65}.Debug|Any CPU.Build.0 = Debug|Any CPU
		{AB3984AB-1B69-4518-A277-D4CBABC03F65}.Debug|x64.ActiveCfg = Debug|Any CPU
		{AB3984AB-1B69-4518-A277-D4CBABC03F65}.Debug|x64.Build.0 = Debug|Any CPU
		{AB3984AB-1B69-4518-A277-D4CBABC03F65}.Debug|x86.ActiveCfg = Debug|Any CPU
		{AB3984AB-1B69-4518-A277-D4CBABC03F65}.Debug|x86.Build.0 = Debug|Any CPU
		{AB3984AB-1B69-4518-A277-D4CBABC03F65}.Release|Any CPU.ActiveCfg = Release|Any CPU
		{AB3984AB-1B69-4518-A277-D4CBABC03F65}.Release|Any CPU.Build.0 = Release|Any CPU
		{AB3984AB-1B69-4518-A277-D4CBABC03F65}.Release|x64.ActiveCfg = Release|Any CPU
		{AB3984AB-1B69-4518-A277-D4CBABC03F65}.Release|x64.Build.0 = Release|Any CPU
		{AB3984AB-1B69-4518-A277-D4CBABC03F65}.Release|x86.ActiveCfg = Release|Any CPU
		{AB3984AB-1B69-4518-A277-D4CBABC03F65}.Release|x86.Build.0 = Release|Any CPU
		{972801A7-9144-4CE0-89AB-5D57BB2EDF68}.Debug|Any CPU.ActiveCfg = Debug|Any CPU
		{972801A7-9144-4CE0-89AB-5D57BB2EDF68}.Debug|Any CPU.Build.0 = Debug|Any CPU
		{972801A7-9144-4CE0-89AB-5D57BB2EDF68}.Debug|x64.ActiveCfg = Debug|Any CPU
		{972801A7-9144-4CE0-89AB-5D57BB2EDF68}.Debug|x64.Build.0 = Debug|Any CPU
		{972801A7-9144-4CE0-89AB-5D57BB2EDF68}.Debug|x86.ActiveCfg = Debug|Any CPU
		{972801A7-9144-4CE0-89AB-5D57BB2EDF68}.Debug|x86.Build.0 = Debug|Any CPU
		{972801A7-9144-4CE0-89AB-5D57BB2EDF68}.Release|Any CPU.ActiveCfg = Release|Any CPU
		{972801A7-9144-4CE0-89AB-5D57BB2EDF68}.Release|Any CPU.Build.0 = Release|Any CPU
		{972801A7-9144-4CE0-89AB-5D57BB2EDF68}.Release|x64.ActiveCfg = Release|Any CPU
		{972801A7-9144-4CE0-89AB-5D57BB2EDF68}.Release|x64.Build.0 = Release|Any CPU
		{972801A7-9144-4CE0-89AB-5D57BB2EDF68}.Release|x86.ActiveCfg = Release|Any CPU
		{972801A7-9144-4CE0-89AB-5D57BB2EDF68}.Release|x86.Build.0 = Release|Any CPU
	EndGlobalSection
EndGlobal
